
Microsoft Visual Studio Solution File, Format Version 12.00
# Visual Studio 2013
VisualStudioVersion = 12.0.31101.0
MinimumVisualStudioVersion = 10.0.40219.1
Project("{FAE04EC0-301F-11D3-BF4B-00C04F79EFBC}") = "Gameduino", "Gameduino\Gameduino.csproj", "{6F839E93-D3ED-4972-A7E2-B2F77F5618E1}"
EndProject
Project("{2150E333-8FDC-42A3-9474-1A3956D46DE8}") = "Basics", "Basics", "{0A8C2349-CCDD-4C49-A8E1-E0645FBD450D}"
EndProject
Project("{FAE04EC0-301F-11D3-BF4B-00C04F79EFBC}") = "HelloWorld", "Basics\HelloWorld\HelloWorld.csproj", "{C1EBD2BD-90DF-452D-BF33-C8D3F57219F3}"
EndProject
Project("{FAE04EC0-301F-11D3-BF4B-00C04F79EFBC}") = "Blobs", "Basics\Blobs\Blobs.csproj", "{C041E162-057A-4E44-8C08-9C3E6AB725E3}"
EndProject
Project("{FAE04EC0-301F-11D3-BF4B-00C04F79EFBC}") = "Fizz", "Basics\Fizz\Fizz.csproj", "{87F93D6D-5839-4537-B435-66F47C8C21EE}"
EndProject
Project("{FAE04EC0-301F-11D3-BF4B-00C04F79EFBC}") = "Simon", "Basics\Simon\Simon.csproj", "{4E2AD7DE-C4CC-4A34-A289-A78B8BC8BCEB}"
EndProject
Project("{2150E333-8FDC-42A3-9474-1A3956D46DE8}") = "Graphics", "Graphics", "{04F73CB3-716E-4EFC-9371-FF930E588338}"
EndProject
Project("{FAE04EC0-301F-11D3-BF4B-00C04F79EFBC}") = "Mono", "Graphics\Mono\Mono.csproj", "{E618BB47-90D0-4EBB-83EF-599287EA4739}"
EndProject
Project("{FAE04EC0-301F-11D3-BF4B-00C04F79EFBC}") = "Logo", "Graphics\Logo\Logo.csproj", "{70407DFA-A9C5-4D62-9C26-D5F402D1AEC2}"
EndProject
Project("{2150E333-8FDC-42A3-9474-1A3956D46DE8}") = "Peripherals", "Peripherals", "{B7D56C6B-BB8A-4EA0-BDC7-ABA2C75D7ACA}"
EndProject
Project("{FAE04EC0-301F-11D3-BF4B-00C04F79EFBC}") = "Sketch", "Peripherals\Sketch\Sketch.csproj", "{FB236B80-F905-4ABA-9AF2-5C456F85587E}"
EndProject
Project("{FAE04EC0-301F-11D3-BF4B-00C04F79EFBC}") = "Jpeg", "Basics\Jpeg\Jpeg.csproj", "{36CEB440-941C-495D-A6F4-C81006A416C1}"
EndProject
Project("{FAE04EC0-301F-11D3-BF4B-00C04F79EFBC}") = "Reflection", "Graphics\Reflection\Reflection.csproj", "{DFEC7147-84BA-42AB-B4D1-671C3484EC79}"
EndProject
Project("{FAE04EC0-301F-11D3-BF4B-00C04F79EFBC}") = "SlotGag", "Graphics\SlotGag\SlotGag.csproj", "{63DE93AE-E583-489C-89A4-96C4DD24F5F3}"
EndProject
Project("{FAE04EC0-301F-11D3-BF4B-00C04F79EFBC}") = "Walk", "Graphics\Walk\Walk.csproj", "{DAFA7D81-DD92-419C-878A-FD10AD1F8A0A}"
EndProject
Project("{FAE04EC0-301F-11D3-BF4B-00C04F79EFBC}") = "Tiled", "Graphics\Tiled\Tiled.csproj", "{30E9FD65-0D40-4281-90D8-FBB5F3BB3F70}"
EndProject
Project("{FAE04EC0-301F-11D3-BF4B-00C04F79EFBC}") = "Tilt", "Peripherals\Tilt\Tilt.csproj", "{6C816A7D-A747-4F2A-9FF3-469EF5A8C2BA}"
EndProject
Project("{2150E333-8FDC-42A3-9474-1A3956D46DE8}") = "Utilities", "Utilities", "{50E511E7-29FD-40BD-BA8F-F530B363709D}"
EndProject
Project("{FAE04EC0-301F-11D3-BF4B-00C04F79EFBC}") = "RadarChart", "Utilities\RadarChart\RadarChart.csproj", "{FD79562B-D3D4-4035-8A37-21876F07D905}"
EndProject
Project("{2150E333-8FDC-42A3-9474-1A3956D46DE8}") = "Demos", "Demos", "{04D96021-0B08-42FE-AEB2-F01922C6465C}"
EndProject
Project("{FAE04EC0-301F-11D3-BF4B-00C04F79EFBC}") = "Sprites", "Demos\Sprites\Sprites.csproj", "{4E5C6A38-3B85-43F6-94E9-E099950CDCA1}"
EndProject
Project("{FAE04EC0-301F-11D3-BF4B-00C04F79EFBC}") = "Widgets", "Widgets\Widgets.csproj", "{5FBCD515-0A51-4209-9539-BB1591F5E3A0}"
EndProject
Global
	GlobalSection(SolutionConfigurationPlatforms) = preSolution
		Debug|Any CPU = Debug|Any CPU
		Release|Any CPU = Release|Any CPU
	EndGlobalSection
	GlobalSection(ProjectConfigurationPlatforms) = postSolution
		{6F839E93-D3ED-4972-A7E2-B2F77F5618E1}.Debug|Any CPU.ActiveCfg = Debug|Any CPU
		{6F839E93-D3ED-4972-A7E2-B2F77F5618E1}.Debug|Any CPU.Build.0 = Debug|Any CPU
		{6F839E93-D3ED-4972-A7E2-B2F77F5618E1}.Debug|Any CPU.Deploy.0 = Debug|Any CPU
		{6F839E93-D3ED-4972-A7E2-B2F77F5618E1}.Release|Any CPU.ActiveCfg = Release|Any CPU
		{6F839E93-D3ED-4972-A7E2-B2F77F5618E1}.Release|Any CPU.Build.0 = Release|Any CPU
		{6F839E93-D3ED-4972-A7E2-B2F77F5618E1}.Release|Any CPU.Deploy.0 = Release|Any CPU
		{C1EBD2BD-90DF-452D-BF33-C8D3F57219F3}.Debug|Any CPU.ActiveCfg = Debug|Any CPU
		{C1EBD2BD-90DF-452D-BF33-C8D3F57219F3}.Debug|Any CPU.Build.0 = Debug|Any CPU
		{C1EBD2BD-90DF-452D-BF33-C8D3F57219F3}.Debug|Any CPU.Deploy.0 = Debug|Any CPU
		{C1EBD2BD-90DF-452D-BF33-C8D3F57219F3}.Release|Any CPU.ActiveCfg = Release|Any CPU
		{C1EBD2BD-90DF-452D-BF33-C8D3F57219F3}.Release|Any CPU.Build.0 = Release|Any CPU
		{C1EBD2BD-90DF-452D-BF33-C8D3F57219F3}.Release|Any CPU.Deploy.0 = Release|Any CPU
		{C041E162-057A-4E44-8C08-9C3E6AB725E3}.Debug|Any CPU.ActiveCfg = Debug|Any CPU
		{C041E162-057A-4E44-8C08-9C3E6AB725E3}.Debug|Any CPU.Build.0 = Debug|Any CPU
		{C041E162-057A-4E44-8C08-9C3E6AB725E3}.Debug|Any CPU.Deploy.0 = Debug|Any CPU
		{C041E162-057A-4E44-8C08-9C3E6AB725E3}.Release|Any CPU.ActiveCfg = Release|Any CPU
		{C041E162-057A-4E44-8C08-9C3E6AB725E3}.Release|Any CPU.Build.0 = Release|Any CPU
		{C041E162-057A-4E44-8C08-9C3E6AB725E3}.Release|Any CPU.Deploy.0 = Release|Any CPU
		{87F93D6D-5839-4537-B435-66F47C8C21EE}.Debug|Any CPU.ActiveCfg = Debug|Any CPU
		{87F93D6D-5839-4537-B435-66F47C8C21EE}.Debug|Any CPU.Build.0 = Debug|Any CPU
		{87F93D6D-5839-4537-B435-66F47C8C21EE}.Debug|Any CPU.Deploy.0 = Debug|Any CPU
		{87F93D6D-5839-4537-B435-66F47C8C21EE}.Release|Any CPU.ActiveCfg = Release|Any CPU
		{87F93D6D-5839-4537-B435-66F47C8C21EE}.Release|Any CPU.Build.0 = Release|Any CPU
		{87F93D6D-5839-4537-B435-66F47C8C21EE}.Release|Any CPU.Deploy.0 = Release|Any CPU
		{4E2AD7DE-C4CC-4A34-A289-A78B8BC8BCEB}.Debug|Any CPU.ActiveCfg = Debug|Any CPU
		{4E2AD7DE-C4CC-4A34-A289-A78B8BC8BCEB}.Debug|Any CPU.Build.0 = Debug|Any CPU
		{4E2AD7DE-C4CC-4A34-A289-A78B8BC8BCEB}.Debug|Any CPU.Deploy.0 = Debug|Any CPU
		{4E2AD7DE-C4CC-4A34-A289-A78B8BC8BCEB}.Release|Any CPU.ActiveCfg = Release|Any CPU
		{4E2AD7DE-C4CC-4A34-A289-A78B8BC8BCEB}.Release|Any CPU.Build.0 = Release|Any CPU
		{4E2AD7DE-C4CC-4A34-A289-A78B8BC8BCEB}.Release|Any CPU.Deploy.0 = Release|Any CPU
		{E618BB47-90D0-4EBB-83EF-599287EA4739}.Debug|Any CPU.ActiveCfg = Debug|Any CPU
		{E618BB47-90D0-4EBB-83EF-599287EA4739}.Debug|Any CPU.Build.0 = Debug|Any CPU
		{E618BB47-90D0-4EBB-83EF-599287EA4739}.Debug|Any CPU.Deploy.0 = Debug|Any CPU
		{E618BB47-90D0-4EBB-83EF-599287EA4739}.Release|Any CPU.ActiveCfg = Release|Any CPU
		{E618BB47-90D0-4EBB-83EF-599287EA4739}.Release|Any CPU.Build.0 = Release|Any CPU
		{E618BB47-90D0-4EBB-83EF-599287EA4739}.Release|Any CPU.Deploy.0 = Release|Any CPU
		{70407DFA-A9C5-4D62-9C26-D5F402D1AEC2}.Debug|Any CPU.ActiveCfg = Debug|Any CPU
		{70407DFA-A9C5-4D62-9C26-D5F402D1AEC2}.Debug|Any CPU.Build.0 = Debug|Any CPU
		{70407DFA-A9C5-4D62-9C26-D5F402D1AEC2}.Debug|Any CPU.Deploy.0 = Debug|Any CPU
		{70407DFA-A9C5-4D62-9C26-D5F402D1AEC2}.Release|Any CPU.ActiveCfg = Release|Any CPU
		{70407DFA-A9C5-4D62-9C26-D5F402D1AEC2}.Release|Any CPU.Build.0 = Release|Any CPU
		{70407DFA-A9C5-4D62-9C26-D5F402D1AEC2}.Release|Any CPU.Deploy.0 = Release|Any CPU
		{FB236B80-F905-4ABA-9AF2-5C456F85587E}.Debug|Any CPU.ActiveCfg = Debug|Any CPU
		{FB236B80-F905-4ABA-9AF2-5C456F85587E}.Debug|Any CPU.Build.0 = Debug|Any CPU
		{FB236B80-F905-4ABA-9AF2-5C456F85587E}.Debug|Any CPU.Deploy.0 = Debug|Any CPU
		{FB236B80-F905-4ABA-9AF2-5C456F85587E}.Release|Any CPU.ActiveCfg = Release|Any CPU
		{FB236B80-F905-4ABA-9AF2-5C456F85587E}.Release|Any CPU.Build.0 = Release|Any CPU
		{FB236B80-F905-4ABA-9AF2-5C456F85587E}.Release|Any CPU.Deploy.0 = Release|Any CPU
		{36CEB440-941C-495D-A6F4-C81006A416C1}.Debug|Any CPU.ActiveCfg = Debug|Any CPU
		{36CEB440-941C-495D-A6F4-C81006A416C1}.Debug|Any CPU.Build.0 = Debug|Any CPU
		{36CEB440-941C-495D-A6F4-C81006A416C1}.Debug|Any CPU.Deploy.0 = Debug|Any CPU
		{36CEB440-941C-495D-A6F4-C81006A416C1}.Release|Any CPU.ActiveCfg = Release|Any CPU
		{36CEB440-941C-495D-A6F4-C81006A416C1}.Release|Any CPU.Build.0 = Release|Any CPU
		{36CEB440-941C-495D-A6F4-C81006A416C1}.Release|Any CPU.Deploy.0 = Release|Any CPU
		{DFEC7147-84BA-42AB-B4D1-671C3484EC79}.Debug|Any CPU.ActiveCfg = Debug|Any CPU
		{DFEC7147-84BA-42AB-B4D1-671C3484EC79}.Debug|Any CPU.Build.0 = Debug|Any CPU
		{DFEC7147-84BA-42AB-B4D1-671C3484EC79}.Debug|Any CPU.Deploy.0 = Debug|Any CPU
		{DFEC7147-84BA-42AB-B4D1-671C3484EC79}.Release|Any CPU.ActiveCfg = Release|Any CPU
		{DFEC7147-84BA-42AB-B4D1-671C3484EC79}.Release|Any CPU.Build.0 = Release|Any CPU
		{DFEC7147-84BA-42AB-B4D1-671C3484EC79}.Release|Any CPU.Deploy.0 = Release|Any CPU
		{63DE93AE-E583-489C-89A4-96C4DD24F5F3}.Debug|Any CPU.ActiveCfg = Debug|Any CPU
		{63DE93AE-E583-489C-89A4-96C4DD24F5F3}.Debug|Any CPU.Build.0 = Debug|Any CPU
		{63DE93AE-E583-489C-89A4-96C4DD24F5F3}.Debug|Any CPU.Deploy.0 = Debug|Any CPU
		{63DE93AE-E583-489C-89A4-96C4DD24F5F3}.Release|Any CPU.ActiveCfg = Release|Any CPU
		{63DE93AE-E583-489C-89A4-96C4DD24F5F3}.Release|Any CPU.Build.0 = Release|Any CPU
		{63DE93AE-E583-489C-89A4-96C4DD24F5F3}.Release|Any CPU.Deploy.0 = Release|Any CPU
		{DAFA7D81-DD92-419C-878A-FD10AD1F8A0A}.Debug|Any CPU.ActiveCfg = Debug|Any CPU
		{DAFA7D81-DD92-419C-878A-FD10AD1F8A0A}.Debug|Any CPU.Build.0 = Debug|Any CPU
		{DAFA7D81-DD92-419C-878A-FD10AD1F8A0A}.Debug|Any CPU.Deploy.0 = Debug|Any CPU
		{DAFA7D81-DD92-419C-878A-FD10AD1F8A0A}.Release|Any CPU.ActiveCfg = Release|Any CPU
		{DAFA7D81-DD92-419C-878A-FD10AD1F8A0A}.Release|Any CPU.Build.0 = Release|Any CPU
		{DAFA7D81-DD92-419C-878A-FD10AD1F8A0A}.Release|Any CPU.Deploy.0 = Release|Any CPU
		{30E9FD65-0D40-4281-90D8-FBB5F3BB3F70}.Debug|Any CPU.ActiveCfg = Debug|Any CPU
		{30E9FD65-0D40-4281-90D8-FBB5F3BB3F70}.Debug|Any CPU.Build.0 = Debug|Any CPU
		{30E9FD65-0D40-4281-90D8-FBB5F3BB3F70}.Debug|Any CPU.Deploy.0 = Debug|Any CPU
		{30E9FD65-0D40-4281-90D8-FBB5F3BB3F70}.Release|Any CPU.ActiveCfg = Release|Any CPU
		{30E9FD65-0D40-4281-90D8-FBB5F3BB3F70}.Release|Any CPU.Build.0 = Release|Any CPU
		{30E9FD65-0D40-4281-90D8-FBB5F3BB3F70}.Release|Any CPU.Deploy.0 = Release|Any CPU
		{6C816A7D-A747-4F2A-9FF3-469EF5A8C2BA}.Debug|Any CPU.ActiveCfg = Debug|Any CPU
		{6C816A7D-A747-4F2A-9FF3-469EF5A8C2BA}.Debug|Any CPU.Build.0 = Debug|Any CPU
		{6C816A7D-A747-4F2A-9FF3-469EF5A8C2BA}.Debug|Any CPU.Deploy.0 = Debug|Any CPU
		{6C816A7D-A747-4F2A-9FF3-469EF5A8C2BA}.Release|Any CPU.ActiveCfg = Release|Any CPU
		{6C816A7D-A747-4F2A-9FF3-469EF5A8C2BA}.Release|Any CPU.Build.0 = Release|Any CPU
		{6C816A7D-A747-4F2A-9FF3-469EF5A8C2BA}.Release|Any CPU.Deploy.0 = Release|Any CPU
		{FD79562B-D3D4-4035-8A37-21876F07D905}.Debug|Any CPU.ActiveCfg = Debug|Any CPU
		{FD79562B-D3D4-4035-8A37-21876F07D905}.Debug|Any CPU.Build.0 = Debug|Any CPU
		{FD79562B-D3D4-4035-8A37-21876F07D905}.Debug|Any CPU.Deploy.0 = Debug|Any CPU
		{FD79562B-D3D4-4035-8A37-21876F07D905}.Release|Any CPU.ActiveCfg = Release|Any CPU
		{FD79562B-D3D4-4035-8A37-21876F07D905}.Release|Any CPU.Build.0 = Release|Any CPU
		{FD79562B-D3D4-4035-8A37-21876F07D905}.Release|Any CPU.Deploy.0 = Release|Any CPU
		{4E5C6A38-3B85-43F6-94E9-E099950CDCA1}.Debug|Any CPU.ActiveCfg = Debug|Any CPU
		{4E5C6A38-3B85-43F6-94E9-E099950CDCA1}.Debug|Any CPU.Build.0 = Debug|Any CPU
		{4E5C6A38-3B85-43F6-94E9-E099950CDCA1}.Debug|Any CPU.Deploy.0 = Debug|Any CPU
		{4E5C6A38-3B85-43F6-94E9-E099950CDCA1}.Release|Any CPU.ActiveCfg = Release|Any CPU
		{4E5C6A38-3B85-43F6-94E9-E099950CDCA1}.Release|Any CPU.Build.0 = Release|Any CPU
		{4E5C6A38-3B85-43F6-94E9-E099950CDCA1}.Release|Any CPU.Deploy.0 = Release|Any CPU
		{5FBCD515-0A51-4209-9539-BB1591F5E3A0}.Debug|Any CPU.ActiveCfg = Debug|Any CPU
		{5FBCD515-0A51-4209-9539-BB1591F5E3A0}.Debug|Any CPU.Build.0 = Debug|Any CPU
		{5FBCD515-0A51-4209-9539-BB1591F5E3A0}.Debug|Any CPU.Deploy.0 = Debug|Any CPU
		{5FBCD515-0A51-4209-9539-BB1591F5E3A0}.Release|Any CPU.ActiveCfg = Release|Any CPU
		{5FBCD515-0A51-4209-9539-BB1591F5E3A0}.Release|Any CPU.Build.0 = Release|Any CPU
		{5FBCD515-0A51-4209-9539-BB1591F5E3A0}.Release|Any CPU.Deploy.0 = Release|Any CPU
	EndGlobalSection
	GlobalSection(SolutionProperties) = preSolution
		HideSolutionNode = FALSE
	EndGlobalSection
	GlobalSection(NestedProjects) = preSolution
		{C1EBD2BD-90DF-452D-BF33-C8D3F57219F3} = {0A8C2349-CCDD-4C49-A8E1-E0645FBD450D}
		{C041E162-057A-4E44-8C08-9C3E6AB725E3} = {0A8C2349-CCDD-4C49-A8E1-E0645FBD450D}
		{87F93D6D-5839-4537-B435-66F47C8C21EE} = {0A8C2349-CCDD-4C49-A8E1-E0645FBD450D}
		{4E2AD7DE-C4CC-4A34-A289-A78B8BC8BCEB} = {0A8C2349-CCDD-4C49-A8E1-E0645FBD450D}
		{E618BB47-90D0-4EBB-83EF-599287EA4739} = {04F73CB3-716E-4EFC-9371-FF930E588338}
		{70407DFA-A9C5-4D62-9C26-D5F402D1AEC2} = {04F73CB3-716E-4EFC-9371-FF930E588338}
		{FB236B80-F905-4ABA-9AF2-5C456F85587E} = {B7D56C6B-BB8A-4EA0-BDC7-ABA2C75D7ACA}
		{36CEB440-941C-495D-A6F4-C81006A416C1} = {0A8C2349-CCDD-4C49-A8E1-E0645FBD450D}
		{DFEC7147-84BA-42AB-B4D1-671C3484EC79} = {04F73CB3-716E-4EFC-9371-FF930E588338}
		{63DE93AE-E583-489C-89A4-96C4DD24F5F3} = {04F73CB3-716E-4EFC-9371-FF930E588338}
		{DAFA7D81-DD92-419C-878A-FD10AD1F8A0A} = {04F73CB3-716E-4EFC-9371-FF930E588338}
		{30E9FD65-0D40-4281-90D8-FBB5F3BB3F70} = {04F73CB3-716E-4EFC-9371-FF930E588338}
		{6C816A7D-A747-4F2A-9FF3-469EF5A8C2BA} = {B7D56C6B-BB8A-4EA0-BDC7-ABA2C75D7ACA}
		{FD79562B-D3D4-4035-8A37-21876F07D905} = {50E511E7-29FD-40BD-BA8F-F530B363709D}
		{4E5C6A38-3B85-43F6-94E9-E099950CDCA1} = {04D96021-0B08-42FE-AEB2-F01922C6465C}
		{5FBCD515-0A51-4209-9539-BB1591F5E3A0} = {04D96021-0B08-42FE-AEB2-F01922C6465C}
	EndGlobalSection
EndGlobal
